{
  "name": "Udemy-web_Dev",
  "lockfileVersion": 2,
  "requires": true,
  "packages": {
    "": {
      "dependencies": {
        "js-image-zoom": "^0.7.0",
        "moment": "^2.29.1"
      }
    },
    "node_modules/js-image-zoom": {
      "version": "0.7.0",
      "resolved": "https://registry.npmjs.org/js-image-zoom/-/js-image-zoom-0.7.0.tgz",
      "integrity": "sha512-csvn2FmRLjVz5O9AtXGRPKy0Khfcf5n2Vuyg1NyOVylcjzJ6IKN60JmZ/d5rVQvMya9V6tqAaCqj/c20PlUYpQ==",
      "engines": {
        "node": ">=0.8.0"
      }
    },
    "node_modules/moment": {
      "version": "2.29.1",
      "resolved": "https://registry.npmjs.org/moment/-/moment-2.29.1.tgz",
      "integrity": "sha512-kHmoybcPV8Sqy59DwNDY3Jefr64lK/by/da0ViFcuA4DH0vQg5Q6Ze5VimxkfQNSC+Mls/Kx53s7TjP1RhFEDQ==",
      "engines": {
        "node": "*"
      }
    }
  },
  "dependencies": {
    "js-image-zoom": {
      "version": "0.7.0",
      "resolved": "https://registry.npmjs.org/js-image-zoom/-/js-image-zoom-0.7.0.tgz",
      "integrity": "sha512-csvn2FmRLjVz5O9AtXGRPKy0Khfcf5n2Vuyg1NyOVylcjzJ6IKN60JmZ/d5rVQvMya9V6tqAaCqj/c20PlUYpQ=="
    },
    "moment": {
      "version": "2.29.1",
      "resolved": "https://registry.npmjs.org/moment/-/moment-2.29.1.tgz",
      "integrity": "sha512-kHmoybcPV8Sqy59DwNDY3Jefr64lK/by/da0ViFcuA4DH0vQg5Q6Ze5VimxkfQNSC+Mls/Kx53s7TjP1RhFEDQ=="
    }
  }
}
